
Microsoft Visual Studio Solution File, Format Version 12.00
# Visual Studio Version 17
VisualStudioVersion = 17.4.33205.214
MinimumVisualStudioVersion = 10.0.40219.1
Project("{9A19103F-16F7-4668-BE54-9A1E7A4F7556}") = "EFCore6", "EFCore6\EFCore6.csproj", "{B08BB372-E371-417B-B4B8-EB5EBBF43BEF}"
EndProject
Global
	GlobalSection(SolutionConfigurationPlatforms) = preSolution
		Debug|Any CPU = Debug|Any CPU
		Release|Any CPU = Release|Any CPU
	EndGlobalSection
	GlobalSection(ProjectConfigurationPlatforms) = postSolution
		{B08BB372-E371-417B-B4B8-EB5EBBF43BEF}.Debug|Any CPU.ActiveCfg = Debug|Any CPU
		{B08BB372-E371-417B-B4B8-EB5EBBF43BEF}.Debug|Any CPU.Build.0 = Debug|Any CPU
		{B08BB372-E371-417B-B4B8-EB5EBBF43BEF}.Release|Any CPU.ActiveCfg = Release|Any CPU
		{B08BB372-E371-417B-B4B8-EB5EBBF43BEF}.Release|Any CPU.Build.0 = Release|Any CPU
	EndGlobalSection
	GlobalSection(SolutionProperties) = preSolution
		HideSolutionNode = FALSE
	EndGlobalSection
	GlobalSection(ExtensibilityGlobals) = postSolution
		SolutionGuid = {B85738CC-C8B3-49E3-9321-3E88130DCECD}
	EndGlobalSection
EndGlobal
